
Microsoft Visual Studio Solution File, Format Version 12.00
# Visual Studio 15
VisualStudioVersion = 15.0.27703.2000
MinimumVisualStudioVersion = 10.0.40219.1
Project("{FAE04EC0-301F-11D3-BF4B-00C04F79EFBC}") = "netcore-dockerlinux", "netcore-dockerlinux\netcore-dockerlinux.csproj", "{E640C5EB-D69D-4005-9E71-1C4B3CFD13C2}"
EndProject
Project("{E53339B2-1760-4266-BCC7-CA923CBCF16C}") = "docker-compose", "docker-compose.dcproj", "{D86307E4-9A4C-41F3-AE9A-8240B80D69E0}"
EndProject
Global
	GlobalSection(SolutionConfigurationPlatforms) = preSolution
		Debug|Any CPU = Debug|Any CPU
		Release|Any CPU = Release|Any CPU
	EndGlobalSection
	GlobalSection(ProjectConfigurationPlatforms) = postSolution
		{E640C5EB-D69D-4005-9E71-1C4B3CFD13C2}.Debug|Any CPU.ActiveCfg = Debug|Any CPU
		{E640C5EB-D69D-4005-9E71-1C4B3CFD13C2}.Debug|Any CPU.Build.0 = Debug|Any CPU
		{E640C5EB-D69D-4005-9E71-1C4B3CFD13C2}.Release|Any CPU.ActiveCfg = Release|Any CPU
		{E640C5EB-D69D-4005-9E71-1C4B3CFD13C2}.Release|Any CPU.Build.0 = Release|Any CPU
		{D86307E4-9A4C-41F3-AE9A-8240B80D69E0}.Debug|Any CPU.ActiveCfg = Debug|Any CPU
		{D86307E4-9A4C-41F3-AE9A-8240B80D69E0}.Debug|Any CPU.Build.0 = Debug|Any CPU
		{D86307E4-9A4C-41F3-AE9A-8240B80D69E0}.Release|Any CPU.ActiveCfg = Release|Any CPU
		{D86307E4-9A4C-41F3-AE9A-8240B80D69E0}.Release|Any CPU.Build.0 = Release|Any CPU
	EndGlobalSection
	GlobalSection(SolutionProperties) = preSolution
		HideSolutionNode = FALSE
	EndGlobalSection
	GlobalSection(ExtensibilityGlobals) = postSolution
		SolutionGuid = {83A786B1-9975-4598-AFFD-AF1DC3FBF69A}
	EndGlobalSection
EndGlobal
